
Microsoft Visual Studio Solution File, Format Version 12.00
# Visual Studio Version 17
VisualStudioVersion = 17.0.31903.59
MinimumVisualStudioVersion = 10.0.40219.1
Project("{FAE04EC0-301F-11D3-BF4B-00C04F79EFBC}") = "AoC.2015.day03.v1", "AoC.2015.day03.v1\AoC.2015.day03.v1.csproj", "{CB00153F-00D8-46A4-AFAC-21954ECA5A01}"
EndProject
Project("{FAE04EC0-301F-11D3-BF4B-00C04F79EFBC}") = "AoC.2015.day03.v1.Tests", "AoC.2015.day03.v1.Tests\AoC.2015.day03.v1.Tests.csproj", "{1DDE150C-12D8-4C69-B40D-D9C55763EF27}"
EndProject
Global
	GlobalSection(SolutionConfigurationPlatforms) = preSolution
		Debug|Any CPU = Debug|Any CPU
		Release|Any CPU = Release|Any CPU
	EndGlobalSection
	GlobalSection(SolutionProperties) = preSolution
		HideSolutionNode = FALSE
	EndGlobalSection
	GlobalSection(ProjectConfigurationPlatforms) = postSolution
		{CB00153F-00D8-46A4-AFAC-21954ECA5A01}.Debug|Any CPU.ActiveCfg = Debug|Any CPU
		{CB00153F-00D8-46A4-AFAC-21954ECA5A01}.Debug|Any CPU.Build.0 = Debug|Any CPU
		{CB00153F-00D8-46A4-AFAC-21954ECA5A01}.Release|Any CPU.ActiveCfg = Release|Any CPU
		{CB00153F-00D8-46A4-AFAC-21954ECA5A01}.Release|Any CPU.Build.0 = Release|Any CPU
		{1DDE150C-12D8-4C69-B40D-D9C55763EF27}.Debug|Any CPU.ActiveCfg = Debug|Any CPU
		{1DDE150C-12D8-4C69-B40D-D9C55763EF27}.Debug|Any CPU.Build.0 = Debug|Any CPU
		{1DDE150C-12D8-4C69-B40D-D9C55763EF27}.Release|Any CPU.ActiveCfg = Release|Any CPU
		{1DDE150C-12D8-4C69-B40D-D9C55763EF27}.Release|Any CPU.Build.0 = Release|Any CPU
	EndGlobalSection
EndGlobal
