
Microsoft Visual Studio Solution File, Format Version 12.00
# Visual Studio Version 17
VisualStudioVersion = 17.0.31903.59
MinimumVisualStudioVersion = 10.0.40219.1
Project("{FAE04EC0-301F-11D3-BF4B-00C04F79EFBC}") = "RomanNumerals", "RomanNumerals\RomanNumerals.csproj", "{3604A4A6-0D2A-4271-A8B5-1104ED8E3B49}"
EndProject
Project("{FAE04EC0-301F-11D3-BF4B-00C04F79EFBC}") = "RomanNumerals.Tests", "RomanNumerals.Tests\RomanNumerals.Tests.csproj", "{81F67A94-B0DD-4BAA-9459-0A7A1C74C25A}"
EndProject
Global
	GlobalSection(SolutionConfigurationPlatforms) = preSolution
		Debug|Any CPU = Debug|Any CPU
		Release|Any CPU = Release|Any CPU
	EndGlobalSection
	GlobalSection(SolutionProperties) = preSolution
		HideSolutionNode = FALSE
	EndGlobalSection
	GlobalSection(ProjectConfigurationPlatforms) = postSolution
		{3604A4A6-0D2A-4271-A8B5-1104ED8E3B49}.Debug|Any CPU.ActiveCfg = Debug|Any CPU
		{3604A4A6-0D2A-4271-A8B5-1104ED8E3B49}.Debug|Any CPU.Build.0 = Debug|Any CPU
		{3604A4A6-0D2A-4271-A8B5-1104ED8E3B49}.Release|Any CPU.ActiveCfg = Release|Any CPU
		{3604A4A6-0D2A-4271-A8B5-1104ED8E3B49}.Release|Any CPU.Build.0 = Release|Any CPU
		{81F67A94-B0DD-4BAA-9459-0A7A1C74C25A}.Debug|Any CPU.ActiveCfg = Debug|Any CPU
		{81F67A94-B0DD-4BAA-9459-0A7A1C74C25A}.Debug|Any CPU.Build.0 = Debug|Any CPU
		{81F67A94-B0DD-4BAA-9459-0A7A1C74C25A}.Release|Any CPU.ActiveCfg = Release|Any CPU
		{81F67A94-B0DD-4BAA-9459-0A7A1C74C25A}.Release|Any CPU.Build.0 = Release|Any CPU
	EndGlobalSection
EndGlobal
