
Microsoft Visual Studio Solution File, Format Version 12.00
# Visual Studio Version 17
VisualStudioVersion = 17.0.31903.59
MinimumVisualStudioVersion = 10.0.40219.1
Project("{FAE04EC0-301F-11D3-BF4B-00C04F79EFBC}") = "AoC.2024.day07.v1", "AoC.2024.day07.v1\AoC.2024.day07.v1.csproj", "{B72B5951-5FEF-48E8-99F3-A1C2EE03AF15}"
EndProject
Project("{FAE04EC0-301F-11D3-BF4B-00C04F79EFBC}") = "AoC.2024.day07.v1.Tests", "AoC.2024.day07.v1.Tests\AoC.2024.day07.v1.Tests.csproj", "{37673F2A-1961-4928-A0D4-4BB6DD243A22}"
EndProject
Global
	GlobalSection(SolutionConfigurationPlatforms) = preSolution
		Debug|Any CPU = Debug|Any CPU
		Release|Any CPU = Release|Any CPU
	EndGlobalSection
	GlobalSection(SolutionProperties) = preSolution
		HideSolutionNode = FALSE
	EndGlobalSection
	GlobalSection(ProjectConfigurationPlatforms) = postSolution
		{B72B5951-5FEF-48E8-99F3-A1C2EE03AF15}.Debug|Any CPU.ActiveCfg = Debug|Any CPU
		{B72B5951-5FEF-48E8-99F3-A1C2EE03AF15}.Debug|Any CPU.Build.0 = Debug|Any CPU
		{B72B5951-5FEF-48E8-99F3-A1C2EE03AF15}.Release|Any CPU.ActiveCfg = Release|Any CPU
		{B72B5951-5FEF-48E8-99F3-A1C2EE03AF15}.Release|Any CPU.Build.0 = Release|Any CPU
		{37673F2A-1961-4928-A0D4-4BB6DD243A22}.Debug|Any CPU.ActiveCfg = Debug|Any CPU
		{37673F2A-1961-4928-A0D4-4BB6DD243A22}.Debug|Any CPU.Build.0 = Debug|Any CPU
		{37673F2A-1961-4928-A0D4-4BB6DD243A22}.Release|Any CPU.ActiveCfg = Release|Any CPU
		{37673F2A-1961-4928-A0D4-4BB6DD243A22}.Release|Any CPU.Build.0 = Release|Any CPU
	EndGlobalSection
EndGlobal
