
Microsoft Visual Studio Solution File, Format Version 12.00
# Visual Studio Version 17
VisualStudioVersion = 17.0.31903.59
MinimumVisualStudioVersion = 10.0.40219.1
Project("{FAE04EC0-301F-11D3-BF4B-00C04F79EFBC}") = "AoC.2021.Day05.v2", "AoC.2021.Day05.v2\AoC.2021.Day05.v2.csproj", "{A0D20093-B85C-4B79-AB90-A725E5A216FF}"
EndProject
Project("{FAE04EC0-301F-11D3-BF4B-00C04F79EFBC}") = "AoC.2021.Day05.v2.Tests", "AoC.2021.Day05.v2.Tests\AoC.2021.Day05.v2.Tests.csproj", "{C26E518D-3C0B-4896-868F-048406F72AF9}"
EndProject
Global
	GlobalSection(SolutionConfigurationPlatforms) = preSolution
		Debug|Any CPU = Debug|Any CPU
		Release|Any CPU = Release|Any CPU
	EndGlobalSection
	GlobalSection(SolutionProperties) = preSolution
		HideSolutionNode = FALSE
	EndGlobalSection
	GlobalSection(ProjectConfigurationPlatforms) = postSolution
		{A0D20093-B85C-4B79-AB90-A725E5A216FF}.Debug|Any CPU.ActiveCfg = Debug|Any CPU
		{A0D20093-B85C-4B79-AB90-A725E5A216FF}.Debug|Any CPU.Build.0 = Debug|Any CPU
		{A0D20093-B85C-4B79-AB90-A725E5A216FF}.Release|Any CPU.ActiveCfg = Release|Any CPU
		{A0D20093-B85C-4B79-AB90-A725E5A216FF}.Release|Any CPU.Build.0 = Release|Any CPU
		{C26E518D-3C0B-4896-868F-048406F72AF9}.Debug|Any CPU.ActiveCfg = Debug|Any CPU
		{C26E518D-3C0B-4896-868F-048406F72AF9}.Debug|Any CPU.Build.0 = Debug|Any CPU
		{C26E518D-3C0B-4896-868F-048406F72AF9}.Release|Any CPU.ActiveCfg = Release|Any CPU
		{C26E518D-3C0B-4896-868F-048406F72AF9}.Release|Any CPU.Build.0 = Release|Any CPU
	EndGlobalSection
EndGlobal
