
Microsoft Visual Studio Solution File, Format Version 12.00
# Visual Studio Version 17
VisualStudioVersion = 17.0.31903.59
MinimumVisualStudioVersion = 10.0.40219.1
Project("{FAE04EC0-301F-11D3-BF4B-00C04F79EFBC}") = "AoC.2024.day04.v1", "AoC.2024.day04.v1\AoC.2024.day04.v1.csproj", "{693A9D18-E912-426A-933E-4E65EC076EA6}"
EndProject
Project("{FAE04EC0-301F-11D3-BF4B-00C04F79EFBC}") = "AoC.2024.day04.v1.Tests", "AoC.2024.day04.v1.Tests\AoC.2024.day04.v1.Tests.csproj", "{6A1AD669-04EF-4DFA-A7C3-615BE7E1CD10}"
EndProject
Global
	GlobalSection(SolutionConfigurationPlatforms) = preSolution
		Debug|Any CPU = Debug|Any CPU
		Release|Any CPU = Release|Any CPU
	EndGlobalSection
	GlobalSection(SolutionProperties) = preSolution
		HideSolutionNode = FALSE
	EndGlobalSection
	GlobalSection(ProjectConfigurationPlatforms) = postSolution
		{693A9D18-E912-426A-933E-4E65EC076EA6}.Debug|Any CPU.ActiveCfg = Debug|Any CPU
		{693A9D18-E912-426A-933E-4E65EC076EA6}.Debug|Any CPU.Build.0 = Debug|Any CPU
		{693A9D18-E912-426A-933E-4E65EC076EA6}.Release|Any CPU.ActiveCfg = Release|Any CPU
		{693A9D18-E912-426A-933E-4E65EC076EA6}.Release|Any CPU.Build.0 = Release|Any CPU
		{6A1AD669-04EF-4DFA-A7C3-615BE7E1CD10}.Debug|Any CPU.ActiveCfg = Debug|Any CPU
		{6A1AD669-04EF-4DFA-A7C3-615BE7E1CD10}.Debug|Any CPU.Build.0 = Debug|Any CPU
		{6A1AD669-04EF-4DFA-A7C3-615BE7E1CD10}.Release|Any CPU.ActiveCfg = Release|Any CPU
		{6A1AD669-04EF-4DFA-A7C3-615BE7E1CD10}.Release|Any CPU.Build.0 = Release|Any CPU
	EndGlobalSection
EndGlobal
